
Microsoft Visual Studio Solution File, Format Version 12.00
# Visual Studio Version 17
VisualStudioVersion = 17.2.32505.173
MinimumVisualStudioVersion = 10.0.40219.1
Project("{FAE04EC0-301F-11D3-BF4B-00C04F79EFBC}") = "ExamConsole", "ExamConsole\ExamConsole.csproj", "{9E877A2A-6187-4CEA-98FA-8244F6B35AB6}"
EndProject
Global
	GlobalSection(SolutionConfigurationPlatforms) = preSolution
		Debug|Any CPU = Debug|Any CPU
		Release|Any CPU = Release|Any CPU
	EndGlobalSection
	GlobalSection(ProjectConfigurationPlatforms) = postSolution
		{9E877A2A-6187-4CEA-98FA-8244F6B35AB6}.Debug|Any CPU.ActiveCfg = Debug|Any CPU
		{9E877A2A-6187-4CEA-98FA-8244F6B35AB6}.Debug|Any CPU.Build.0 = Debug|Any CPU
		{9E877A2A-6187-4CEA-98FA-8244F6B35AB6}.Release|Any CPU.ActiveCfg = Release|Any CPU
		{9E877A2A-6187-4CEA-98FA-8244F6B35AB6}.Release|Any CPU.Build.0 = Release|Any CPU
	EndGlobalSection
	GlobalSection(SolutionProperties) = preSolution
		HideSolutionNode = FALSE
	EndGlobalSection
	GlobalSection(ExtensibilityGlobals) = postSolution
		SolutionGuid = {703DCA9A-97C3-46EE-A6AF-8EF8D46BE2F8}
	EndGlobalSection
EndGlobal
